// !$*UTF8*$!
{
	archiveVersion = 1;
	classes = {
	};
	objectVersion = 46;
	objects = {

/* Begin PBXBuildFile section */
		0DCC5E1E1C3C1DC1003F210C /* URLShortenerRequest.swift in Sources */ = {isa = PBXBuildFile; fileRef = 0DCC5E101C3C1D3C003F210C /* URLShortenerRequest.swift */; };
		0DCC5E201C3C1E50003F210C /* URLShortenerRequestTests.swift in Sources */ = {isa = PBXBuildFile; fileRef = 0DCC5E1F1C3C1E50003F210C /* URLShortenerRequestTests.swift */; };
/* End PBXBuildFile section */

/* Begin PBXFileReference section */
		0DCC5E101C3C1D3C003F210C /* URLShortenerRequest.swift */ = {isa = PBXFileReference; lastKnownFileType = sourcecode.swift; path = URLShortenerRequest.swift; sourceTree = "<group>"; };
		0DCC5E151C3C1DAB003F210C /* URLShortenerTests.xctest */ = {isa = PBXFileReference; explicitFileType = wrapper.cfbundle; includeInIndex = 0; path = URLShortenerTests.xctest; sourceTree = BUILT_PRODUCTS_DIR; };
		0DCC5E1F1C3C1E50003F210C /* URLShortenerRequestTests.swift */ = {isa = PBXFileReference; fileEncoding = 4; lastKnownFileType = sourcecode.swift; path = URLShortenerRequestTests.swift; sourceTree = "<group>"; };
/* End PBXFileReference section */

/* Begin PBXFrameworksBuildPhase section */
		0DCC5E121C3C1DAB003F210C /* Frameworks */ = {
			isa = PBXFrameworksBuildPhase;
			buildActionMask = 2147483647;
			files = (
			);
			runOnlyForDeploymentPostprocessing = 0;
		};
/* End PBXFrameworksBuildPhase section */

/* Begin PBXGroup section */
		0DCC5E091C3C1D14003F210C = {
			isa = PBXGroup;
			children = (
				0DCC5E101C3C1D3C003F210C /* URLShortenerRequest.swift */,
				0DCC5E1F1C3C1E50003F210C /* URLShortenerRequestTests.swift */,
				0DCC5E161C3C1DAB003F210C /* Products */,
			);
			sourceTree = "<group>";
		};
		0DCC5E161C3C1DAB003F210C /* Products */ = {
			isa = PBXGroup;
			children = (
				0DCC5E151C3C1DAB003F210C /* URLShortenerTests.xctest */,
			);
			name = Products;
			sourceTree = "<group>";
		};
/* End PBXGroup section */

/* Begin PBXNativeTarget section */
		0DCC5E141C3C1DAB003F210C /* URLShortenerTests */ = {
			isa = PBXNativeTarget;
			buildConfigurationList = 0DCC5E1B1C3C1DAB003F210C /* Build configuration list for PBXNativeTarget "URLShortenerTests" */;
			buildPhases = (
				0DCC5E111C3C1DAB003F210C /* Sources */,
				0DCC5E121C3C1DAB003F210C /* Frameworks */,
				0DCC5E131C3C1DAB003F210C /* Resources */,
			);
			buildRules = (
			);
			dependencies = (
			);
			name = URLShortenerTests;
			productName = URLShortenerTests;
			productReference = 0DCC5E151C3C1DAB003F210C /* URLShortenerTests.xctest */;
			productType = "com.apple.product-type.bundle.unit-test";
		};
/* End PBXNativeTarget section */

/* Begin PBXProject section */
		0DCC5E0A1C3C1D14003F210C /* Project object */ = {
			isa = PBXProject;
			attributes = {
				LastSwiftUpdateCheck = 0720;
				LastUpgradeCheck = 0720;
				TargetAttributes = {
					0DCC5E141C3C1DAB003F210C = {
						CreatedOnToolsVersion = 7.2;
					};
				};
			};
			buildConfigurationList = 0DCC5E0D1C3C1D14003F210C /* Build configuration list for PBXProject "URLShortener" */;
			compatibilityVersion = "Xcode 3.2";
			developmentRegion = English;
			hasScannedForEncodings = 0;
			knownRegions = (
				en,
			);
			mainGroup = 0DCC5E091C3C1D14003F210C;
			productRefGroup = 0DCC5E161C3C1DAB003F210C /* Products */;
			projectDirPath = "";
			projectRoot = "";
			targets = (
				0DCC5E141C3C1DAB003F210C /* URLShortenerTests */,
			);
		};
/* End PBXProject section */

/* Begin PBXResourcesBuildPhase section */
		0DCC5E131C3C1DAB003F210C /* Resources */ = {
			isa = PBXResourcesBuildPhase;
			buildActionMask = 2147483647;
			files = (
			);
			runOnlyForDeploymentPostprocessing = 0;
		};
/* End PBXResourcesBuildPhase section */

/* Begin PBXSourcesBuildPhase section */
		0DCC5E111C3C1DAB003F210C /* Sources */ = {
			isa = PBXSourcesBuildPhase;
			buildActionMask = 2147483647;
			files = (
				0DCC5E201C3C1E50003F210C /* URLShortenerRequestTests.swift in Sources */,
				0DCC5E1E1C3C1DC1003F210C /* URLShortenerRequest.swift in Sources */,
			);
			runOnlyForDeploymentPostprocessing = 0;
		};
/* End PBXSourcesBuildPhase section */

/* Begin XCBuildConfiguration section */
		0DCC5E0E1C3C1D14003F210C /* Debug */ = {
			isa = XCBuildConfiguration;
			buildSettings = {
			};
			name = Debug;
		};
		0DCC5E0F1C3C1D14003F210C /* Release */ = {
			isa = XCBuildConfiguration;
			buildSettings = {
			};
			name = Release;
		};
		0DCC5E1C1C3C1DAB003F210C /* Debug */ = {
			isa = XCBuildConfiguration;
			buildSettings = {
				ALWAYS_SEARCH_USER_PATHS = NO;
				CLANG_CXX_LANGUAGE_STANDARD = "gnu++0x";
				CLANG_CXX_LIBRARY = "libc++";
				CLANG_ENABLE_MODULES = YES;
				CLANG_ENABLE_OBJC_ARC = YES;
				CLANG_WARN_BOOL_CONVERSION = YES;
				CLANG_WARN_CONSTANT_CONVERSION = YES;
				CLANG_WARN_DIRECT_OBJC_ISA_USAGE = YES_ERROR;
				CLANG_WARN_EMPTY_BODY = YES;
				CLANG_WARN_ENUM_CONVERSION = YES;
				CLANG_WARN_INT_CONVERSION = YES;
				CLANG_WARN_OBJC_ROOT_CLASS = YES_ERROR;
				CLANG_WARN_UNREACHABLE_CODE = YES;
				CLANG_WARN__DUPLICATE_METHOD_MATCH = YES;
				CODE_SIGN_IDENTITY = "-";
				COMBINE_HIDPI_IMAGES = YES;
				COPY_PHASE_STRIP = NO;
				DEBUG_INFORMATION_FORMAT = dwarf;
				ENABLE_STRICT_OBJC_MSGSEND = YES;
				ENABLE_TESTABILITY = YES;
				GCC_C_LANGUAGE_STANDARD = gnu99;
				GCC_DYNAMIC_NO_PIC = NO;
				GCC_NO_COMMON_BLOCKS = YES;
				GCC_OPTIMIZATION_LEVEL = 0;
				GCC_PREPROCESSOR_DEFINITIONS = (
					"DEBUG=1",
					"$(inherited)",
				);
				GCC_WARN_64_TO_32_BIT_CONVERSION = YES;
				GCC_WARN_ABOUT_RETURN_TYPE = YES_ERROR;
				GCC_WARN_UNDECLARED_SELECTOR = YES;
				GCC_WARN_UNINITIALIZED_AUTOS = YES_AGGRESSIVE;
				GCC_WARN_UNUSED_FUNCTION = YES;
				GCC_WARN_UNUSED_VARIABLE = YES;
				LD_RUNPATH_SEARCH_PATHS = "$(inherited) @executable_path/../Frameworks @loader_path/../Frameworks";
				MACOSX_DEPLOYMENT_TARGET = 10.11;
				MTL_ENABLE_DEBUG_INFO = YES;
				ONLY_ACTIVE_ARCH = YES;
				PRODUCT_BUNDLE_IDENTIFIER = cz.zoul.URLShortenerTests;
				PRODUCT_NAME = "$(TARGET_NAME)";
				SDKROOT = macosx;
				SWIFT_OPTIMIZATION_LEVEL = "-Onone";
			};
			name = Debug;
		};
		0DCC5E1D1C3C1DAB003F210C /* Release */ = {
			isa = XCBuildConfiguration;
			buildSettings = {
				ALWAYS_SEARCH_USER_PATHS = NO;
				CLANG_CXX_LANGUAGE_STANDARD = "gnu++0x";
				CLANG_CXX_LIBRARY = "libc++";
				CLANG_ENABLE_MODULES = YES;
				CLANG_ENABLE_OBJC_ARC = YES;
				CLANG_WARN_BOOL_CONVERSION = YES;
				CLANG_WARN_CONSTANT_CONVERSION = YES;
				CLANG_WARN_DIRECT_OBJC_ISA_USAGE = YES_ERROR;
				CLANG_WARN_EMPTY_BODY = YES;
				CLANG_WARN_ENUM_CONVERSION = YES;
				CLANG_WARN_INT_CONVERSION = YES;
				CLANG_WARN_OBJC_ROOT_CLASS = YES_ERROR;
				CLANG_WARN_UNREACHABLE_CODE = YES;
				CLANG_WARN__DUPLICATE_METHOD_MATCH = YES;
				CODE_SIGN_IDENTITY = "-";
				COMBINE_HIDPI_IMAGES = YES;
				COPY_PHASE_STRIP = NO;
				DEBUG_INFORMATION_FORMAT = "dwarf-with-dsym";
				ENABLE_NS_ASSERTIONS = NO;
				ENABLE_STRICT_OBJC_MSGSEND = YES;
				GCC_C_LANGUAGE_STANDARD = gnu99;
				GCC_NO_COMMON_BLOCKS = YES;
				GCC_WARN_64_TO_32_BIT_CONVERSION = YES;
				GCC_WARN_ABOUT_RETURN_TYPE = YES_ERROR;
				GCC_WARN_UNDECLARED_SELECTOR = YES;
				GCC_WARN_UNINITIALIZED_AUTOS = YES_AGGRESSIVE;
				GCC_WARN_UNUSED_FUNCTION = YES;
				GCC_WARN_UNUSED_VARIABLE = YES;
				LD_RUNPATH_SEARCH_PATHS = "$(inherited) @executable_path/../Frameworks @loader_path/../Frameworks";
				MACOSX_DEPLOYMENT_TARGET = 10.11;
				MTL_ENABLE_DEBUG_INFO = NO;
				PRODUCT_BUNDLE_IDENTIFIER = cz.zoul.URLShortenerTests;
				PRODUCT_NAME = "$(TARGET_NAME)";
				SDKROOT = macosx;
			};
			name = Release;
		};
/* End XCBuildConfiguration section */

/* Begin XCConfigurationList section */
		0DCC5E0D1C3C1D14003F210C /* Build configuration list for PBXProject "URLShortener" */ = {
			isa = XCConfigurationList;
			buildConfigurations = (
				0DCC5E0E1C3C1D14003F210C /* Debug */,
				0DCC5E0F1C3C1D14003F210C /* Release */,
			);
			defaultConfigurationIsVisible = 0;
			defaultConfigurationName = Release;
		};
		0DCC5E1B1C3C1DAB003F210C /* Build configuration list for PBXNativeTarget "URLShortenerTests" */ = {
			isa = XCConfigurationList;
			buildConfigurations = (
				0DCC5E1C1C3C1DAB003F210C /* Debug */,
				0DCC5E1D1C3C1DAB003F210C /* Release */,
			);
			defaultConfigurationIsVisible = 0;
		};
/* End XCConfigurationList section */
	};
	rootObject = 0DCC5E0A1C3C1D14003F210C /* Project object */;
}
